
Microsoft Visual Studio Solution File, Format Version 12.00
# Visual Studio Version 17
VisualStudioVersion = 17.7.34031.279
MinimumVisualStudioVersion = 10.0.40219.1
Project("{FAE04EC0-301F-11D3-BF4B-00C04F79EFBC}") = "Arancia Api", "Arancia Api\Arancia Api.csproj", "{D1176BCA-4490-4B4F-9B62-A9658A2BF6D3}"
EndProject
Global
	GlobalSection(SolutionConfigurationPlatforms) = preSolution
		Debug|Any CPU = Debug|Any CPU
		Release|Any CPU = Release|Any CPU
	EndGlobalSection
	GlobalSection(ProjectConfigurationPlatforms) = postSolution
		{D1176BCA-4490-4B4F-9B62-A9658A2BF6D3}.Debug|Any CPU.ActiveCfg = Debug|Any CPU
		{D1176BCA-4490-4B4F-9B62-A9658A2BF6D3}.Debug|Any CPU.Build.0 = Debug|Any CPU
		{D1176BCA-4490-4B4F-9B62-A9658A2BF6D3}.Release|Any CPU.ActiveCfg = Release|Any CPU
		{D1176BCA-4490-4B4F-9B62-A9658A2BF6D3}.Release|Any CPU.Build.0 = Release|Any CPU
	EndGlobalSection
	GlobalSection(SolutionProperties) = preSolution
		HideSolutionNode = FALSE
	EndGlobalSection
	GlobalSection(ExtensibilityGlobals) = postSolution
		SolutionGuid = {0C86F73E-7436-4CD9-B1A6-EEA5814FE3FF}
	EndGlobalSection
EndGlobal
